
Microsoft Visual Studio Solution File, Format Version 12.00
# Visual Studio 15
VisualStudioVersion = 15.0.26730.12
MinimumVisualStudioVersion = 10.0.40219.1
Project("{FAE04EC0-301F-11D3-BF4B-00C04F79EFBC}") = "JT", "JsonTraining\JT.csproj", "{9300F47D-77A9-4C51-A0BA-A79990B7BD1B}"
EndProject
Global
	GlobalSection(SolutionConfigurationPlatforms) = preSolution
		Debug|Any CPU = Debug|Any CPU
		Release|Any CPU = Release|Any CPU
	EndGlobalSection
	GlobalSection(ProjectConfigurationPlatforms) = postSolution
		{9300F47D-77A9-4C51-A0BA-A79990B7BD1B}.Debug|Any CPU.ActiveCfg = Debug|Any CPU
		{9300F47D-77A9-4C51-A0BA-A79990B7BD1B}.Debug|Any CPU.Build.0 = Debug|Any CPU
		{9300F47D-77A9-4C51-A0BA-A79990B7BD1B}.Release|Any CPU.ActiveCfg = Release|Any CPU
		{9300F47D-77A9-4C51-A0BA-A79990B7BD1B}.Release|Any CPU.Build.0 = Release|Any CPU
	EndGlobalSection
	GlobalSection(SolutionProperties) = preSolution
		HideSolutionNode = FALSE
	EndGlobalSection
	GlobalSection(ExtensibilityGlobals) = postSolution
		SolutionGuid = {D2FA4669-1FD8-4E36-AF9E-171655651B97}
	EndGlobalSection
EndGlobal
